// !$*UTF8*$!
{
	archiveVersion = 1;
	classes = {
	};
	objectVersion = 50;
	objects = {

/* Begin PBXBuildFile section */
		B743603D239DA80700A39D3E /* AppDelegate.swift in Sources */ = {isa = PBXBuildFile; fileRef = B743603C239DA80700A39D3E /* AppDelegate.swift */; };
		B743603F239DA80700A39D3E /* SceneDelegate.swift in Sources */ = {isa = PBXBuildFile; fileRef = B743603E239DA80700A39D3E /* SceneDelegate.swift */; };
		B7436041239DA80700A39D3E /* ComicViewController.swift in Sources */ = {isa = PBXBuildFile; fileRef = B7436040239DA80700A39D3E /* ComicViewController.swift */; };
		B7436044239DA80700A39D3E /* Main.storyboard in Resources */ = {isa = PBXBuildFile; fileRef = B7436042239DA80700A39D3E /* Main.storyboard */; };
		B7436046239DA80B00A39D3E /* Assets.xcassets in Resources */ = {isa = PBXBuildFile; fileRef = B7436045239DA80B00A39D3E /* Assets.xcassets */; };
		B7436049239DA80B00A39D3E /* LaunchScreen.storyboard in Resources */ = {isa = PBXBuildFile; fileRef = B7436047239DA80B00A39D3E /* LaunchScreen.storyboard */; };
		B7436052239DBD2600A39D3E /* NetworkHelper.swift in Sources */ = {isa = PBXBuildFile; fileRef = B7436051239DBD2600A39D3E /* NetworkHelper.swift */; };
		B7436054239DBFA500A39D3E /* Comic.swift in Sources */ = {isa = PBXBuildFile; fileRef = B7436053239DBFA500A39D3E /* Comic.swift */; };
		B7436056239DC1DA00A39D3E /* ComicAPIClient.swift in Sources */ = {isa = PBXBuildFile; fileRef = B7436055239DC1DA00A39D3E /* ComicAPIClient.swift */; };
		B743605B239E9AD900A39D3E /* PokemonCell.swift in Sources */ = {isa = PBXBuildFile; fileRef = B743605A239E9AD900A39D3E /* PokemonCell.swift */; };
		B743605D239E9BCA00A39D3E /* PokemonDetailVC.swift in Sources */ = {isa = PBXBuildFile; fileRef = B743605C239E9BCA00A39D3E /* PokemonDetailVC.swift */; };
		B743605F239E9E2F00A39D3E /* Pokemon.swift in Sources */ = {isa = PBXBuildFile; fileRef = B743605E239E9E2F00A39D3E /* Pokemon.swift */; };
		B7436063239EAC2700A39D3E /* PokemonAPIClient.swift in Sources */ = {isa = PBXBuildFile; fileRef = B7436062239EAC2700A39D3E /* PokemonAPIClient.swift */; };
		B7436065239EB8E400A39D3E /* PokemonViewController.swift in Sources */ = {isa = PBXBuildFile; fileRef = B7436064239EB8E400A39D3E /* PokemonViewController.swift */; };
		B74B3E8E239F10DA0022CF51 /* UserViewController.swift in Sources */ = {isa = PBXBuildFile; fileRef = B74B3E8D239F10DA0022CF51 /* UserViewController.swift */; };
		B74B3E90239F113A0022CF51 /* UserCell.swift in Sources */ = {isa = PBXBuildFile; fileRef = B74B3E8F239F113A0022CF51 /* UserCell.swift */; };
		B74B3E92239F2F7D0022CF51 /* User.swift in Sources */ = {isa = PBXBuildFile; fileRef = B74B3E91239F2F7D0022CF51 /* User.swift */; };
		B74B3E94239F303D0022CF51 /* UserAPIClient.swift in Sources */ = {isa = PBXBuildFile; fileRef = B74B3E93239F303D0022CF51 /* UserAPIClient.swift */; };
/* End PBXBuildFile section */

/* Begin PBXFileReference section */
		B7436039239DA80700A39D3E /* Images-Lab.app */ = {isa = PBXFileReference; explicitFileType = wrapper.application; includeInIndex = 0; path = "Images-Lab.app"; sourceTree = BUILT_PRODUCTS_DIR; };
		B743603C239DA80700A39D3E /* AppDelegate.swift */ = {isa = PBXFileReference; lastKnownFileType = sourcecode.swift; path = AppDelegate.swift; sourceTree = "<group>"; };
		B743603E239DA80700A39D3E /* SceneDelegate.swift */ = {isa = PBXFileReference; lastKnownFileType = sourcecode.swift; path = SceneDelegate.swift; sourceTree = "<group>"; };
		B7436040239DA80700A39D3E /* ComicViewController.swift */ = {isa = PBXFileReference; lastKnownFileType = sourcecode.swift; path = ComicViewController.swift; sourceTree = "<group>"; };
		B7436043239DA80700A39D3E /* Base */ = {isa = PBXFileReference; lastKnownFileType = file.storyboard; name = Base; path = Base.lproj/Main.storyboard; sourceTree = "<group>"; };
		B7436045239DA80B00A39D3E /* Assets.xcassets */ = {isa = PBXFileReference; lastKnownFileType = folder.assetcatalog; path = Assets.xcassets; sourceTree = "<group>"; };
		B7436048239DA80B00A39D3E /* Base */ = {isa = PBXFileReference; lastKnownFileType = file.storyboard; name = Base; path = Base.lproj/LaunchScreen.storyboard; sourceTree = "<group>"; };
		B743604A239DA80B00A39D3E /* Info.plist */ = {isa = PBXFileReference; lastKnownFileType = text.plist.xml; path = Info.plist; sourceTree = "<group>"; };
		B7436051239DBD2600A39D3E /* NetworkHelper.swift */ = {isa = PBXFileReference; lastKnownFileType = sourcecode.swift; path = NetworkHelper.swift; sourceTree = "<group>"; };
		B7436053239DBFA500A39D3E /* Comic.swift */ = {isa = PBXFileReference; lastKnownFileType = sourcecode.swift; path = Comic.swift; sourceTree = "<group>"; };
		B7436055239DC1DA00A39D3E /* ComicAPIClient.swift */ = {isa = PBXFileReference; lastKnownFileType = sourcecode.swift; path = ComicAPIClient.swift; sourceTree = "<group>"; };
		B743605A239E9AD900A39D3E /* PokemonCell.swift */ = {isa = PBXFileReference; lastKnownFileType = sourcecode.swift; path = PokemonCell.swift; sourceTree = "<group>"; };
		B743605C239E9BCA00A39D3E /* PokemonDetailVC.swift */ = {isa = PBXFileReference; lastKnownFileType = sourcecode.swift; path = PokemonDetailVC.swift; sourceTree = "<group>"; };
		B743605E239E9E2F00A39D3E /* Pokemon.swift */ = {isa = PBXFileReference; lastKnownFileType = sourcecode.swift; path = Pokemon.swift; sourceTree = "<group>"; };
		B7436062239EAC2700A39D3E /* PokemonAPIClient.swift */ = {isa = PBXFileReference; lastKnownFileType = sourcecode.swift; path = PokemonAPIClient.swift; sourceTree = "<group>"; };
		B7436064239EB8E400A39D3E /* PokemonViewController.swift */ = {isa = PBXFileReference; lastKnownFileType = sourcecode.swift; path = PokemonViewController.swift; sourceTree = "<group>"; };
		B74B3E8D239F10DA0022CF51 /* UserViewController.swift */ = {isa = PBXFileReference; lastKnownFileType = sourcecode.swift; path = UserViewController.swift; sourceTree = "<group>"; };
		B74B3E8F239F113A0022CF51 /* UserCell.swift */ = {isa = PBXFileReference; lastKnownFileType = sourcecode.swift; path = UserCell.swift; sourceTree = "<group>"; };
		B74B3E91239F2F7D0022CF51 /* User.swift */ = {isa = PBXFileReference; lastKnownFileType = sourcecode.swift; path = User.swift; sourceTree = "<group>"; };
		B74B3E93239F303D0022CF51 /* UserAPIClient.swift */ = {isa = PBXFileReference; lastKnownFileType = sourcecode.swift; path = UserAPIClient.swift; sourceTree = "<group>"; };
/* End PBXFileReference section */

/* Begin PBXFrameworksBuildPhase section */
		B7436036239DA80700A39D3E /* Frameworks */ = {
			isa = PBXFrameworksBuildPhase;
			buildActionMask = 2147483647;
			files = (
			);
			runOnlyForDeploymentPostprocessing = 0;
		};
/* End PBXFrameworksBuildPhase section */

/* Begin PBXGroup section */
		B7436030239DA80700A39D3E = {
			isa = PBXGroup;
			children = (
				B743603B239DA80700A39D3E /* Images-Lab */,
				B743603A239DA80700A39D3E /* Products */,
			);
			sourceTree = "<group>";
		};
		B743603A239DA80700A39D3E /* Products */ = {
			isa = PBXGroup;
			children = (
				B7436039239DA80700A39D3E /* Images-Lab.app */,
			);
			name = Products;
			sourceTree = "<group>";
		};
		B743603B239DA80700A39D3E /* Images-Lab */ = {
			isa = PBXGroup;
			children = (
				B7436051239DBD2600A39D3E /* NetworkHelper.swift */,
				B7436042239DA80700A39D3E /* Main.storyboard */,
				B7436050239DBD0000A39D3E /* Comic */,
				B7436059239E9AA500A39D3E /* Pokemon */,
				B74B3E8C239F10B10022CF51 /* Users */,
				B743603E239DA80700A39D3E /* SceneDelegate.swift */,
				B743603C239DA80700A39D3E /* AppDelegate.swift */,
				B7436045239DA80B00A39D3E /* Assets.xcassets */,
				B7436047239DA80B00A39D3E /* LaunchScreen.storyboard */,
				B743604A239DA80B00A39D3E /* Info.plist */,
			);
			path = "Images-Lab";
			sourceTree = "<group>";
		};
		B7436050239DBD0000A39D3E /* Comic */ = {
			isa = PBXGroup;
			children = (
				B7436040239DA80700A39D3E /* ComicViewController.swift */,
				B7436053239DBFA500A39D3E /* Comic.swift */,
				B7436055239DC1DA00A39D3E /* ComicAPIClient.swift */,
			);
			path = Comic;
			sourceTree = "<group>";
		};
		B7436059239E9AA500A39D3E /* Pokemon */ = {
			isa = PBXGroup;
			children = (
				B743605A239E9AD900A39D3E /* PokemonCell.swift */,
				B7436062239EAC2700A39D3E /* PokemonAPIClient.swift */,
				B743605E239E9E2F00A39D3E /* Pokemon.swift */,
				B743605C239E9BCA00A39D3E /* PokemonDetailVC.swift */,
				B7436064239EB8E400A39D3E /* PokemonViewController.swift */,
			);
			path = Pokemon;
			sourceTree = "<group>";
		};
		B74B3E8C239F10B10022CF51 /* Users */ = {
			isa = PBXGroup;
			children = (
				B74B3E8D239F10DA0022CF51 /* UserViewController.swift */,
				B74B3E8F239F113A0022CF51 /* UserCell.swift */,
				B74B3E91239F2F7D0022CF51 /* User.swift */,
				B74B3E93239F303D0022CF51 /* UserAPIClient.swift */,
			);
			path = Users;
			sourceTree = "<group>";
		};
/* End PBXGroup section */

/* Begin PBXNativeTarget section */
		B7436038239DA80700A39D3E /* Images-Lab */ = {
			isa = PBXNativeTarget;
			buildConfigurationList = B743604D239DA80B00A39D3E /* Build configuration list for PBXNativeTarget "Images-Lab" */;
			buildPhases = (
				B7436035239DA80700A39D3E /* Sources */,
				B7436036239DA80700A39D3E /* Frameworks */,
				B7436037239DA80700A39D3E /* Resources */,
			);
			buildRules = (
			);
			dependencies = (
			);
			name = "Images-Lab";
			productName = "Images-Lab";
			productReference = B7436039239DA80700A39D3E /* Images-Lab.app */;
			productType = "com.apple.product-type.application";
		};
/* End PBXNativeTarget section */

/* Begin PBXProject section */
		B7436031239DA80700A39D3E /* Project object */ = {
			isa = PBXProject;
			attributes = {
				LastSwiftUpdateCheck = 1120;
				LastUpgradeCheck = 1120;
				ORGANIZATIONNAME = "Amy Alsaydi";
				TargetAttributes = {
					B7436038239DA80700A39D3E = {
						CreatedOnToolsVersion = 11.2;
					};
				};
			};
			buildConfigurationList = B7436034239DA80700A39D3E /* Build configuration list for PBXProject "Images-Lab" */;
			compatibilityVersion = "Xcode 9.3";
			developmentRegion = en;
			hasScannedForEncodings = 0;
			knownRegions = (
				en,
				Base,
			);
			mainGroup = B7436030239DA80700A39D3E;
			productRefGroup = B743603A239DA80700A39D3E /* Products */;
			projectDirPath = "";
			projectRoot = "";
			targets = (
				B7436038239DA80700A39D3E /* Images-Lab */,
			);
		};
/* End PBXProject section */

/* Begin PBXResourcesBuildPhase section */
		B7436037239DA80700A39D3E /* Resources */ = {
			isa = PBXResourcesBuildPhase;
			buildActionMask = 2147483647;
			files = (
				B7436049239DA80B00A39D3E /* LaunchScreen.storyboard in Resources */,
				B7436046239DA80B00A39D3E /* Assets.xcassets in Resources */,
				B7436044239DA80700A39D3E /* Main.storyboard in Resources */,
			);
			runOnlyForDeploymentPostprocessing = 0;
		};
/* End PBXResourcesBuildPhase section */

/* Begin PBXSourcesBuildPhase section */
		B7436035239DA80700A39D3E /* Sources */ = {
			isa = PBXSourcesBuildPhase;
			buildActionMask = 2147483647;
			files = (
				B7436052239DBD2600A39D3E /* NetworkHelper.swift in Sources */,
				B74B3E90239F113A0022CF51 /* UserCell.swift in Sources */,
				B74B3E8E239F10DA0022CF51 /* UserViewController.swift in Sources */,
				B7436041239DA80700A39D3E /* ComicViewController.swift in Sources */,
				B7436065239EB8E400A39D3E /* PokemonViewController.swift in Sources */,
				B7436054239DBFA500A39D3E /* Comic.swift in Sources */,
				B74B3E92239F2F7D0022CF51 /* User.swift in Sources */,
				B74B3E94239F303D0022CF51 /* UserAPIClient.swift in Sources */,
				B7436056239DC1DA00A39D3E /* ComicAPIClient.swift in Sources */,
				B743603D239DA80700A39D3E /* AppDelegate.swift in Sources */,
				B743605B239E9AD900A39D3E /* PokemonCell.swift in Sources */,
				B743605D239E9BCA00A39D3E /* PokemonDetailVC.swift in Sources */,
				B743605F239E9E2F00A39D3E /* Pokemon.swift in Sources */,
				B743603F239DA80700A39D3E /* SceneDelegate.swift in Sources */,
				B7436063239EAC2700A39D3E /* PokemonAPIClient.swift in Sources */,
			);
			runOnlyForDeploymentPostprocessing = 0;
		};
/* End PBXSourcesBuildPhase section */

/* Begin PBXVariantGroup section */
		B7436042239DA80700A39D3E /* Main.storyboard */ = {
			isa = PBXVariantGroup;
			children = (
				B7436043239DA80700A39D3E /* Base */,
			);
			name = Main.storyboard;
			sourceTree = "<group>";
		};
		B7436047239DA80B00A39D3E /* LaunchScreen.storyboard */ = {
			isa = PBXVariantGroup;
			children = (
				B7436048239DA80B00A39D3E /* Base */,
			);
			name = LaunchScreen.storyboard;
			sourceTree = "<group>";
		};
/* End PBXVariantGroup section */

/* Begin XCBuildConfiguration section */
		B743604B239DA80B00A39D3E /* Debug */ = {
			isa = XCBuildConfiguration;
			buildSettings = {
				ALWAYS_SEARCH_USER_PATHS = NO;
				CLANG_ANALYZER_NONNULL = YES;
				CLANG_ANALYZER_NUMBER_OBJECT_CONVERSION = YES_AGGRESSIVE;
				CLANG_CXX_LANGUAGE_STANDARD = "gnu++14";
				CLANG_CXX_LIBRARY = "libc++";
				CLANG_ENABLE_MODULES = YES;
				CLANG_ENABLE_OBJC_ARC = YES;
				CLANG_ENABLE_OBJC_WEAK = YES;
				CLANG_WARN_BLOCK_CAPTURE_AUTORELEASING = YES;
				CLANG_WARN_BOOL_CONVERSION = YES;
				CLANG_WARN_COMMA = YES;
				CLANG_WARN_CONSTANT_CONVERSION = YES;
				CLANG_WARN_DEPRECATED_OBJC_IMPLEMENTATIONS = YES;
				CLANG_WARN_DIRECT_OBJC_ISA_USAGE = YES_ERROR;
				CLANG_WARN_DOCUMENTATION_COMMENTS = YES;
				CLANG_WARN_EMPTY_BODY = YES;
				CLANG_WARN_ENUM_CONVERSION = YES;
				CLANG_WARN_INFINITE_RECURSION = YES;
				CLANG_WARN_INT_CONVERSION = YES;
				CLANG_WARN_NON_LITERAL_NULL_CONVERSION = YES;
				CLANG_WARN_OBJC_IMPLICIT_RETAIN_SELF = YES;
				CLANG_WARN_OBJC_LITERAL_CONVERSION = YES;
				CLANG_WARN_OBJC_ROOT_CLASS = YES_ERROR;
				CLANG_WARN_RANGE_LOOP_ANALYSIS = YES;
				CLANG_WARN_STRICT_PROTOTYPES = YES;
				CLANG_WARN_SUSPICIOUS_MOVE = YES;
				CLANG_WARN_UNGUARDED_AVAILABILITY = YES_AGGRESSIVE;
				CLANG_WARN_UNREACHABLE_CODE = YES;
				CLANG_WARN__DUPLICATE_METHOD_MATCH = YES;
				COPY_PHASE_STRIP = NO;
				DEBUG_INFORMATION_FORMAT = dwarf;
				ENABLE_STRICT_OBJC_MSGSEND = YES;
				ENABLE_TESTABILITY = YES;
				GCC_C_LANGUAGE_STANDARD = gnu11;
				GCC_DYNAMIC_NO_PIC = NO;
				GCC_NO_COMMON_BLOCKS = YES;
				GCC_OPTIMIZATION_LEVEL = 0;
				GCC_PREPROCESSOR_DEFINITIONS = (
					"DEBUG=1",
					"$(inherited)",
				);
				GCC_WARN_64_TO_32_BIT_CONVERSION = YES;
				GCC_WARN_ABOUT_RETURN_TYPE = YES_ERROR;
				GCC_WARN_UNDECLARED_SELECTOR = YES;
				GCC_WARN_UNINITIALIZED_AUTOS = YES_AGGRESSIVE;
				GCC_WARN_UNUSED_FUNCTION = YES;
				GCC_WARN_UNUSED_VARIABLE = YES;
				IPHONEOS_DEPLOYMENT_TARGET = 13.2;
				MTL_ENABLE_DEBUG_INFO = INCLUDE_SOURCE;
				MTL_FAST_MATH = YES;
				ONLY_ACTIVE_ARCH = YES;
				SDKROOT = iphoneos;
				SWIFT_ACTIVE_COMPILATION_CONDITIONS = DEBUG;
				SWIFT_OPTIMIZATION_LEVEL = "-Onone";
			};
			name = Debug;
		};
		B743604C239DA80B00A39D3E /* Release */ = {
			isa = XCBuildConfiguration;
			buildSettings = {
				ALWAYS_SEARCH_USER_PATHS = NO;
				CLANG_ANALYZER_NONNULL = YES;
				CLANG_ANALYZER_NUMBER_OBJECT_CONVERSION = YES_AGGRESSIVE;
				CLANG_CXX_LANGUAGE_STANDARD = "gnu++14";
				CLANG_CXX_LIBRARY = "libc++";
				CLANG_ENABLE_MODULES = YES;
				CLANG_ENABLE_OBJC_ARC = YES;
				CLANG_ENABLE_OBJC_WEAK = YES;
				CLANG_WARN_BLOCK_CAPTURE_AUTORELEASING = YES;
				CLANG_WARN_BOOL_CONVERSION = YES;
				CLANG_WARN_COMMA = YES;
				CLANG_WARN_CONSTANT_CONVERSION = YES;
				CLANG_WARN_DEPRECATED_OBJC_IMPLEMENTATIONS = YES;
				CLANG_WARN_DIRECT_OBJC_ISA_USAGE = YES_ERROR;
				CLANG_WARN_DOCUMENTATION_COMMENTS = YES;
				CLANG_WARN_EMPTY_BODY = YES;
				CLANG_WARN_ENUM_CONVERSION = YES;
				CLANG_WARN_INFINITE_RECURSION = YES;
				CLANG_WARN_INT_CONVERSION = YES;
				CLANG_WARN_NON_LITERAL_NULL_CONVERSION = YES;
				CLANG_WARN_OBJC_IMPLICIT_RETAIN_SELF = YES;
				CLANG_WARN_OBJC_LITERAL_CONVERSION = YES;
				CLANG_WARN_OBJC_ROOT_CLASS = YES_ERROR;
				CLANG_WARN_RANGE_LOOP_ANALYSIS = YES;
				CLANG_WARN_STRICT_PROTOTYPES = YES;
				CLANG_WARN_SUSPICIOUS_MOVE = YES;
				CLANG_WARN_UNGUARDED_AVAILABILITY = YES_AGGRESSIVE;
				CLANG_WARN_UNREACHABLE_CODE = YES;
				CLANG_WARN__DUPLICATE_METHOD_MATCH = YES;
				COPY_PHASE_STRIP = NO;
				DEBUG_INFORMATION_FORMAT = "dwarf-with-dsym";
				ENABLE_NS_ASSERTIONS = NO;
				ENABLE_STRICT_OBJC_MSGSEND = YES;
				GCC_C_LANGUAGE_STANDARD = gnu11;
				GCC_NO_COMMON_BLOCKS = YES;
				GCC_WARN_64_TO_32_BIT_CONVERSION = YES;
				GCC_WARN_ABOUT_RETURN_TYPE = YES_ERROR;
				GCC_WARN_UNDECLARED_SELECTOR = YES;
				GCC_WARN_UNINITIALIZED_AUTOS = YES_AGGRESSIVE;
				GCC_WARN_UNUSED_FUNCTION = YES;
				GCC_WARN_UNUSED_VARIABLE = YES;
				IPHONEOS_DEPLOYMENT_TARGET = 13.2;
				MTL_ENABLE_DEBUG_INFO = NO;
				MTL_FAST_MATH = YES;
				SDKROOT = iphoneos;
				SWIFT_COMPILATION_MODE = wholemodule;
				SWIFT_OPTIMIZATION_LEVEL = "-O";
				VALIDATE_PRODUCT = YES;
			};
			name = Release;
		};
		B743604E239DA80B00A39D3E /* Debug */ = {
			isa = XCBuildConfiguration;
			buildSettings = {
				ASSETCATALOG_COMPILER_APPICON_NAME = AppIcon;
				CODE_SIGN_STYLE = Automatic;
				DEVELOPMENT_TEAM = WDT827LK75;
				INFOPLIST_FILE = "Images-Lab/Info.plist";
				LD_RUNPATH_SEARCH_PATHS = (
					"$(inherited)",
					"@executable_path/Frameworks",
				);
				PRODUCT_BUNDLE_IDENTIFIER = "com.Amy.Images-Lab";
				PRODUCT_NAME = "$(TARGET_NAME)";
				SWIFT_VERSION = 5.0;
				TARGETED_DEVICE_FAMILY = "1,2";
			};
			name = Debug;
		};
		B743604F239DA80B00A39D3E /* Release */ = {
			isa = XCBuildConfiguration;
			buildSettings = {
				ASSETCATALOG_COMPILER_APPICON_NAME = AppIcon;
				CODE_SIGN_STYLE = Automatic;
				DEVELOPMENT_TEAM = WDT827LK75;
				INFOPLIST_FILE = "Images-Lab/Info.plist";
				LD_RUNPATH_SEARCH_PATHS = (
					"$(inherited)",
					"@executable_path/Frameworks",
				);
				PRODUCT_BUNDLE_IDENTIFIER = "com.Amy.Images-Lab";
				PRODUCT_NAME = "$(TARGET_NAME)";
				SWIFT_VERSION = 5.0;
				TARGETED_DEVICE_FAMILY = "1,2";
			};
			name = Release;
		};
/* End XCBuildConfiguration section */

/* Begin XCConfigurationList section */
		B7436034239DA80700A39D3E /* Build configuration list for PBXProject "Images-Lab" */ = {
			isa = XCConfigurationList;
			buildConfigurations = (
				B743604B239DA80B00A39D3E /* Debug */,
				B743604C239DA80B00A39D3E /* Release */,
			);
			defaultConfigurationIsVisible = 0;
			defaultConfigurationName = Release;
		};
		B743604D239DA80B00A39D3E /* Build configuration list for PBXNativeTarget "Images-Lab" */ = {
			isa = XCConfigurationList;
			buildConfigurations = (
				B743604E239DA80B00A39D3E /* Debug */,
				B743604F239DA80B00A39D3E /* Release */,
			);
			defaultConfigurationIsVisible = 0;
			defaultConfigurationName = Release;
		};
/* End XCConfigurationList section */
	};
	rootObject = B7436031239DA80700A39D3E /* Project object */;
}
